
Microsoft Visual Studio Solution File, Format Version 12.00
# Visual Studio Version 17
VisualStudioVersion = 17.8.34316.72
MinimumVisualStudioVersion = 10.0.40219.1
Project("{9A19103F-16F7-4668-BE54-9A1E7A4F7556}") = "CatalogoAPI", "CatalogoAPI\CatalogoAPI.csproj", "{7037626E-17D7-4574-AF81-7ABC58E84D1C}"
EndProject
Project("{FAE04EC0-301F-11D3-BF4B-00C04F79EFBC}") = "Catalogo.Model", "Catalogo.Model\Catalogo.Model.csproj", "{0CF52560-843B-4E04-9300-64B510B4523D}"
EndProject
Project("{FAE04EC0-301F-11D3-BF4B-00C04F79EFBC}") = "Catalogo.Persistence", "Catalogo.Persistence\Catalogo.Persistence.csproj", "{EB25D83A-594A-4652-82EC-03F533F698FC}"
EndProject
Project("{FAE04EC0-301F-11D3-BF4B-00C04F79EFBC}") = "Catalogo.Communication", "Catalogo.Communication\Catalogo.Communication.csproj", "{975FFEED-7DC5-4E1A-8FF4-3073F8855B2D}"
EndProject
Project("{FAE04EC0-301F-11D3-BF4B-00C04F79EFBC}") = "Catalogo.Application", "Catalogo.Application\Catalogo.Application.csproj", "{7B4E7F4B-B168-45B2-AA3A-2CFAA305D007}"
EndProject
Global
	GlobalSection(SolutionConfigurationPlatforms) = preSolution
		Debug|Any CPU = Debug|Any CPU
		Release|Any CPU = Release|Any CPU
	EndGlobalSection
	GlobalSection(ProjectConfigurationPlatforms) = postSolution
		{7037626E-17D7-4574-AF81-7ABC58E84D1C}.Debug|Any CPU.ActiveCfg = Debug|Any CPU
		{7037626E-17D7-4574-AF81-7ABC58E84D1C}.Debug|Any CPU.Build.0 = Debug|Any CPU
		{7037626E-17D7-4574-AF81-7ABC58E84D1C}.Release|Any CPU.ActiveCfg = Release|Any CPU
		{7037626E-17D7-4574-AF81-7ABC58E84D1C}.Release|Any CPU.Build.0 = Release|Any CPU
		{0CF52560-843B-4E04-9300-64B510B4523D}.Debug|Any CPU.ActiveCfg = Debug|Any CPU
		{0CF52560-843B-4E04-9300-64B510B4523D}.Debug|Any CPU.Build.0 = Debug|Any CPU
		{0CF52560-843B-4E04-9300-64B510B4523D}.Release|Any CPU.ActiveCfg = Release|Any CPU
		{0CF52560-843B-4E04-9300-64B510B4523D}.Release|Any CPU.Build.0 = Release|Any CPU
		{EB25D83A-594A-4652-82EC-03F533F698FC}.Debug|Any CPU.ActiveCfg = Debug|Any CPU
		{EB25D83A-594A-4652-82EC-03F533F698FC}.Debug|Any CPU.Build.0 = Debug|Any CPU
		{EB25D83A-594A-4652-82EC-03F533F698FC}.Release|Any CPU.ActiveCfg = Release|Any CPU
		{EB25D83A-594A-4652-82EC-03F533F698FC}.Release|Any CPU.Build.0 = Release|Any CPU
		{975FFEED-7DC5-4E1A-8FF4-3073F8855B2D}.Debug|Any CPU.ActiveCfg = Debug|Any CPU
		{975FFEED-7DC5-4E1A-8FF4-3073F8855B2D}.Debug|Any CPU.Build.0 = Debug|Any CPU
		{975FFEED-7DC5-4E1A-8FF4-3073F8855B2D}.Release|Any CPU.ActiveCfg = Release|Any CPU
		{975FFEED-7DC5-4E1A-8FF4-3073F8855B2D}.Release|Any CPU.Build.0 = Release|Any CPU
		{7B4E7F4B-B168-45B2-AA3A-2CFAA305D007}.Debug|Any CPU.ActiveCfg = Debug|Any CPU
		{7B4E7F4B-B168-45B2-AA3A-2CFAA305D007}.Debug|Any CPU.Build.0 = Debug|Any CPU
		{7B4E7F4B-B168-45B2-AA3A-2CFAA305D007}.Release|Any CPU.ActiveCfg = Release|Any CPU
		{7B4E7F4B-B168-45B2-AA3A-2CFAA305D007}.Release|Any CPU.Build.0 = Release|Any CPU
	EndGlobalSection
	GlobalSection(SolutionProperties) = preSolution
		HideSolutionNode = FALSE
	EndGlobalSection
	GlobalSection(ExtensibilityGlobals) = postSolution
		SolutionGuid = {9DCE54C5-9EDA-4ACE-9567-0AB69DFB7B75}
	EndGlobalSection
EndGlobal
